
Microsoft Visual Studio Solution File, Format Version 12.00
# Visual Studio Version 17
VisualStudioVersion = 17.9.34728.123
MinimumVisualStudioVersion = 10.0.40219.1
Project("{FAE04EC0-301F-11D3-BF4B-00C04F79EFBC}") = "StudentManagementSystem", "StudentManagementSystem\StudentManagementSystem.csproj", "{AC0CD04F-C1AB-4850-932D-A8F74A968ED3}"
EndProject
Project("{FAE04EC0-301F-11D3-BF4B-00C04F79EFBC}") = "StudentManagementStytem.Service", "StudentManagementStytem.Service\StudentManagementStytem.Service.csproj", "{C39F45DE-9194-4BF1-B683-DBA47935933C}"
EndProject
Project("{FAE04EC0-301F-11D3-BF4B-00C04F79EFBC}") = "StudentManagementSystem.Persistence", "StudentManagementSystem.Persistence\StudentManagementSystem.Persistence.csproj", "{419AC9E6-7792-4941-AC24-56022054E02E}"
EndProject
Global
	GlobalSection(SolutionConfigurationPlatforms) = preSolution
		Debug|Any CPU = Debug|Any CPU
		Release|Any CPU = Release|Any CPU
	EndGlobalSection
	GlobalSection(ProjectConfigurationPlatforms) = postSolution
		{AC0CD04F-C1AB-4850-932D-A8F74A968ED3}.Debug|Any CPU.ActiveCfg = Debug|Any CPU
		{AC0CD04F-C1AB-4850-932D-A8F74A968ED3}.Debug|Any CPU.Build.0 = Debug|Any CPU
		{AC0CD04F-C1AB-4850-932D-A8F74A968ED3}.Release|Any CPU.ActiveCfg = Release|Any CPU
		{AC0CD04F-C1AB-4850-932D-A8F74A968ED3}.Release|Any CPU.Build.0 = Release|Any CPU
		{C39F45DE-9194-4BF1-B683-DBA47935933C}.Debug|Any CPU.ActiveCfg = Debug|Any CPU
		{C39F45DE-9194-4BF1-B683-DBA47935933C}.Debug|Any CPU.Build.0 = Debug|Any CPU
		{C39F45DE-9194-4BF1-B683-DBA47935933C}.Release|Any CPU.ActiveCfg = Release|Any CPU
		{C39F45DE-9194-4BF1-B683-DBA47935933C}.Release|Any CPU.Build.0 = Release|Any CPU
		{419AC9E6-7792-4941-AC24-56022054E02E}.Debug|Any CPU.ActiveCfg = Debug|Any CPU
		{419AC9E6-7792-4941-AC24-56022054E02E}.Debug|Any CPU.Build.0 = Debug|Any CPU
		{419AC9E6-7792-4941-AC24-56022054E02E}.Release|Any CPU.ActiveCfg = Release|Any CPU
		{419AC9E6-7792-4941-AC24-56022054E02E}.Release|Any CPU.Build.0 = Release|Any CPU
	EndGlobalSection
	GlobalSection(SolutionProperties) = preSolution
		HideSolutionNode = FALSE
	EndGlobalSection
	GlobalSection(ExtensibilityGlobals) = postSolution
		SolutionGuid = {59AAEE70-71FA-4838-8C2D-A9A8D82D581B}
	EndGlobalSection
EndGlobal
